
Microsoft Visual Studio Solution File, Format Version 12.00
# Visual Studio Version 17
VisualStudioVersion = 17.12.35527.113 d17.12
MinimumVisualStudioVersion = 10.0.40219.1
Project("{FAE04EC0-301F-11D3-BF4B-00C04F79EFBC}") = "MobileAppSpring2025", "MobileAppSpring2025\MobileAppSpring2025.csproj", "{14D929E2-9570-4123-BE8E-87F6EC2FBB5F}"
EndProject
Global
	GlobalSection(SolutionConfigurationPlatforms) = preSolution
		Debug|Any CPU = Debug|Any CPU
		Release|Any CPU = Release|Any CPU
	EndGlobalSection
	GlobalSection(ProjectConfigurationPlatforms) = postSolution
		{14D929E2-9570-4123-BE8E-87F6EC2FBB5F}.Debug|Any CPU.ActiveCfg = Debug|Any CPU
		{14D929E2-9570-4123-BE8E-87F6EC2FBB5F}.Debug|Any CPU.Build.0 = Debug|Any CPU
		{14D929E2-9570-4123-BE8E-87F6EC2FBB5F}.Release|Any CPU.ActiveCfg = Release|Any CPU
		{14D929E2-9570-4123-BE8E-87F6EC2FBB5F}.Release|Any CPU.Build.0 = Release|Any CPU
	EndGlobalSection
	GlobalSection(SolutionProperties) = preSolution
		HideSolutionNode = FALSE
	EndGlobalSection
EndGlobal
